// !$*UTF8*$!
{
	archiveVersion = 1;
	classes = {
	};
	objectVersion = 48;
	objects = {

/* Begin PBXBuildFile section */
		43EF89CA5CBC312F31793373 /* Pods_Instagram_Clone.framework in Frameworks */ = {isa = PBXBuildFile; fileRef = 00FBFD619D850FDA9BFCC8AB /* Pods_Instagram_Clone.framework */; };
		6405BCD02016CE1000A830F8 /* SharePhotoController.swift in Sources */ = {isa = PBXBuildFile; fileRef = 6405BCCF2016CE1000A830F8 /* SharePhotoController.swift */; };
		6415F823203286DD00825AF4 /* PlaceholderExtension.swift in Sources */ = {isa = PBXBuildFile; fileRef = 6415F822203286DD00825AF4 /* PlaceholderExtension.swift */; };
		642CE1AE1FFF183B00F3F89F /* LoginController.swift in Sources */ = {isa = PBXBuildFile; fileRef = 642CE1AD1FFF183B00F3F89F /* LoginController.swift */; };
		64321F4F1FF9960800D3DEA6 /* UserProfileHeader.swift in Sources */ = {isa = PBXBuildFile; fileRef = 64321F4E1FF9960800D3DEA6 /* UserProfileHeader.swift */; };
		64499E7F2011C1B3008FE819 /* PhotoSelectorHeader.swift in Sources */ = {isa = PBXBuildFile; fileRef = 64499E7E2011C1B3008FE819 /* PhotoSelectorHeader.swift */; };
		6450E2E02010373C002ADF29 /* PhotoSelectorCell.swift in Sources */ = {isa = PBXBuildFile; fileRef = 6450E2DF2010373C002ADF29 /* PhotoSelectorCell.swift */; };
		6481AF9B1FF40316007006A5 /* AppDelegate.swift in Sources */ = {isa = PBXBuildFile; fileRef = 6481AF9A1FF40316007006A5 /* AppDelegate.swift */; };
		6481AF9D1FF40316007006A5 /* SignUpController.swift in Sources */ = {isa = PBXBuildFile; fileRef = 6481AF9C1FF40316007006A5 /* SignUpController.swift */; };
		6481AFA21FF40316007006A5 /* Assets.xcassets in Resources */ = {isa = PBXBuildFile; fileRef = 6481AFA11FF40316007006A5 /* Assets.xcassets */; };
		6481AFA51FF40316007006A5 /* LaunchScreen.storyboard in Resources */ = {isa = PBXBuildFile; fileRef = 6481AFA31FF40316007006A5 /* LaunchScreen.storyboard */; };
		6492ABB11FF8052F0012E1C1 /* MainTabBarController.swift in Sources */ = {isa = PBXBuildFile; fileRef = 6492ABB01FF8052F0012E1C1 /* MainTabBarController.swift */; };
		6492ABB31FF80A990012E1C1 /* UserProfileController.swift in Sources */ = {isa = PBXBuildFile; fileRef = 6492ABB21FF80A990012E1C1 /* UserProfileController.swift */; };
		64BE496020747D7F00BD3BB1 /* Post.swift in Sources */ = {isa = PBXBuildFile; fileRef = 64BE495F20747D7F00BD3BB1 /* Post.swift */; };
		64BE4962207480FC00BD3BB1 /* UserProfilePhotoCell.swift in Sources */ = {isa = PBXBuildFile; fileRef = 64BE4961207480FC00BD3BB1 /* UserProfilePhotoCell.swift */; };
		64C01465200C39960031DAA0 /* PhotoSelectorController.swift in Sources */ = {isa = PBXBuildFile; fileRef = 64C01464200C39960031DAA0 /* PhotoSelectorController.swift */; };
		64F53E221FF57E880065ED98 /* Extension.swift in Sources */ = {isa = PBXBuildFile; fileRef = 64F53E211FF57E880065ED98 /* Extension.swift */; };
		64F53E241FF58B7E0065ED98 /* GoogleService-Info.plist in Resources */ = {isa = PBXBuildFile; fileRef = 64F53E231FF58B7E0065ED98 /* GoogleService-Info.plist */; };
/* End PBXBuildFile section */

/* Begin PBXFileReference section */
		00FBFD619D850FDA9BFCC8AB /* Pods_Instagram_Clone.framework */ = {isa = PBXFileReference; explicitFileType = wrapper.framework; includeInIndex = 0; path = Pods_Instagram_Clone.framework; sourceTree = BUILT_PRODUCTS_DIR; };
		6405BCCF2016CE1000A830F8 /* SharePhotoController.swift */ = {isa = PBXFileReference; lastKnownFileType = sourcecode.swift; path = SharePhotoController.swift; sourceTree = "<group>"; };
		6415F822203286DD00825AF4 /* PlaceholderExtension.swift */ = {isa = PBXFileReference; lastKnownFileType = sourcecode.swift; path = PlaceholderExtension.swift; sourceTree = "<group>"; };
		642CE1AD1FFF183B00F3F89F /* LoginController.swift */ = {isa = PBXFileReference; lastKnownFileType = sourcecode.swift; path = LoginController.swift; sourceTree = "<group>"; };
		64321F4E1FF9960800D3DEA6 /* UserProfileHeader.swift */ = {isa = PBXFileReference; lastKnownFileType = sourcecode.swift; path = UserProfileHeader.swift; sourceTree = "<group>"; };
		64499E7E2011C1B3008FE819 /* PhotoSelectorHeader.swift */ = {isa = PBXFileReference; lastKnownFileType = sourcecode.swift; path = PhotoSelectorHeader.swift; sourceTree = "<group>"; };
		6450E2DF2010373C002ADF29 /* PhotoSelectorCell.swift */ = {isa = PBXFileReference; lastKnownFileType = sourcecode.swift; path = PhotoSelectorCell.swift; sourceTree = "<group>"; };
		6481AF971FF40316007006A5 /* Instagram Clone.app */ = {isa = PBXFileReference; explicitFileType = wrapper.application; includeInIndex = 0; path = "Instagram Clone.app"; sourceTree = BUILT_PRODUCTS_DIR; };
		6481AF9A1FF40316007006A5 /* AppDelegate.swift */ = {isa = PBXFileReference; lastKnownFileType = sourcecode.swift; path = AppDelegate.swift; sourceTree = "<group>"; };
		6481AF9C1FF40316007006A5 /* SignUpController.swift */ = {isa = PBXFileReference; lastKnownFileType = sourcecode.swift; path = SignUpController.swift; sourceTree = "<group>"; };
		6481AFA11FF40316007006A5 /* Assets.xcassets */ = {isa = PBXFileReference; lastKnownFileType = folder.assetcatalog; path = Assets.xcassets; sourceTree = "<group>"; };
		6481AFA41FF40316007006A5 /* Base */ = {isa = PBXFileReference; lastKnownFileType = file.storyboard; name = Base; path = Base.lproj/LaunchScreen.storyboard; sourceTree = "<group>"; };
		6481AFA61FF40316007006A5 /* Info.plist */ = {isa = PBXFileReference; lastKnownFileType = text.plist.xml; path = Info.plist; sourceTree = "<group>"; };
		6492ABB01FF8052F0012E1C1 /* MainTabBarController.swift */ = {isa = PBXFileReference; lastKnownFileType = sourcecode.swift; path = MainTabBarController.swift; sourceTree = "<group>"; };
		6492ABB21FF80A990012E1C1 /* UserProfileController.swift */ = {isa = PBXFileReference; lastKnownFileType = sourcecode.swift; path = UserProfileController.swift; sourceTree = "<group>"; };
		64BE495F20747D7F00BD3BB1 /* Post.swift */ = {isa = PBXFileReference; lastKnownFileType = sourcecode.swift; path = Post.swift; sourceTree = "<group>"; };
		64BE4961207480FC00BD3BB1 /* UserProfilePhotoCell.swift */ = {isa = PBXFileReference; lastKnownFileType = sourcecode.swift; path = UserProfilePhotoCell.swift; sourceTree = "<group>"; };
		64C01464200C39960031DAA0 /* PhotoSelectorController.swift */ = {isa = PBXFileReference; lastKnownFileType = sourcecode.swift; path = PhotoSelectorController.swift; sourceTree = "<group>"; };
		64F53E211FF57E880065ED98 /* Extension.swift */ = {isa = PBXFileReference; lastKnownFileType = sourcecode.swift; path = Extension.swift; sourceTree = "<group>"; };
		64F53E231FF58B7E0065ED98 /* GoogleService-Info.plist */ = {isa = PBXFileReference; fileEncoding = 4; lastKnownFileType = text.plist.xml; path = "GoogleService-Info.plist"; sourceTree = "<group>"; };
		B294EA4EC909341203D3E906 /* Pods-Instagram Clone.release.xcconfig */ = {isa = PBXFileReference; includeInIndex = 1; lastKnownFileType = text.xcconfig; name = "Pods-Instagram Clone.release.xcconfig"; path = "Pods/Target Support Files/Pods-Instagram Clone/Pods-Instagram Clone.release.xcconfig"; sourceTree = "<group>"; };
		CC288577612D98CBA5044BBF /* Pods-Instagram Clone.debug.xcconfig */ = {isa = PBXFileReference; includeInIndex = 1; lastKnownFileType = text.xcconfig; name = "Pods-Instagram Clone.debug.xcconfig"; path = "Pods/Target Support Files/Pods-Instagram Clone/Pods-Instagram Clone.debug.xcconfig"; sourceTree = "<group>"; };
/* End PBXFileReference section */

/* Begin PBXFrameworksBuildPhase section */
		6481AF941FF40316007006A5 /* Frameworks */ = {
			isa = PBXFrameworksBuildPhase;
			buildActionMask = 2147483647;
			files = (
				43EF89CA5CBC312F31793373 /* Pods_Instagram_Clone.framework in Frameworks */,
			);
			runOnlyForDeploymentPostprocessing = 0;
		};
/* End PBXFrameworksBuildPhase section */

/* Begin PBXGroup section */
		642CE1AC1FFF180F00F3F89F /* Login */ = {
			isa = PBXGroup;
			children = (
				6481AF9C1FF40316007006A5 /* SignUpController.swift */,
				642CE1AD1FFF183B00F3F89F /* LoginController.swift */,
			);
			path = Login;
			sourceTree = "<group>";
		};
		64321F4D1FF9959300D3DEA6 /* UserProfile */ = {
			isa = PBXGroup;
			children = (
				6492ABB21FF80A990012E1C1 /* UserProfileController.swift */,
				64321F4E1FF9960800D3DEA6 /* UserProfileHeader.swift */,
				64BE4961207480FC00BD3BB1 /* UserProfilePhotoCell.swift */,
			);
			path = UserProfile;
			sourceTree = "<group>";
		};
		6481AF8E1FF40316007006A5 = {
			isa = PBXGroup;
			children = (
				6481AF991FF40316007006A5 /* Instagram Clone */,
				6481AF981FF40316007006A5 /* Products */,
				D41778BE099CE008272B0DA2 /* Pods */,
				802793842FF6FA8FEED013E5 /* Frameworks */,
			);
			sourceTree = "<group>";
		};
		6481AF981FF40316007006A5 /* Products */ = {
			isa = PBXGroup;
			children = (
				6481AF971FF40316007006A5 /* Instagram Clone.app */,
			);
			name = Products;
			sourceTree = "<group>";
		};
		6481AF991FF40316007006A5 /* Instagram Clone */ = {
			isa = PBXGroup;
			children = (
				64BE495E20747D5E00BD3BB1 /* Model */,
				64C01463200C390A0031DAA0 /* Add Photo */,
				642CE1AC1FFF180F00F3F89F /* Login */,
				64321F4D1FF9959300D3DEA6 /* UserProfile */,
				64F53E201FF57E630065ED98 /* Util */,
				6481AF9A1FF40316007006A5 /* AppDelegate.swift */,
				6492ABB01FF8052F0012E1C1 /* MainTabBarController.swift */,
				6481AFA11FF40316007006A5 /* Assets.xcassets */,
				6481AFA31FF40316007006A5 /* LaunchScreen.storyboard */,
				64F53E231FF58B7E0065ED98 /* GoogleService-Info.plist */,
				6481AFA61FF40316007006A5 /* Info.plist */,
			);
			path = "Instagram Clone";
			sourceTree = "<group>";
		};
		64BE495E20747D5E00BD3BB1 /* Model */ = {
			isa = PBXGroup;
			children = (
				64BE495F20747D7F00BD3BB1 /* Post.swift */,
			);
			path = Model;
			sourceTree = "<group>";
		};
		64C01463200C390A0031DAA0 /* Add Photo */ = {
			isa = PBXGroup;
			children = (
				64C01464200C39960031DAA0 /* PhotoSelectorController.swift */,
				6450E2DF2010373C002ADF29 /* PhotoSelectorCell.swift */,
				64499E7E2011C1B3008FE819 /* PhotoSelectorHeader.swift */,
				6405BCCF2016CE1000A830F8 /* SharePhotoController.swift */,
			);
			path = "Add Photo";
			sourceTree = "<group>";
		};
		64F53E201FF57E630065ED98 /* Util */ = {
			isa = PBXGroup;
			children = (
				64F53E211FF57E880065ED98 /* Extension.swift */,
				6415F822203286DD00825AF4 /* PlaceholderExtension.swift */,
			);
			path = Util;
			sourceTree = "<group>";
		};
		802793842FF6FA8FEED013E5 /* Frameworks */ = {
			isa = PBXGroup;
			children = (
				00FBFD619D850FDA9BFCC8AB /* Pods_Instagram_Clone.framework */,
			);
			name = Frameworks;
			sourceTree = "<group>";
		};
		D41778BE099CE008272B0DA2 /* Pods */ = {
			isa = PBXGroup;
			children = (
				CC288577612D98CBA5044BBF /* Pods-Instagram Clone.debug.xcconfig */,
				B294EA4EC909341203D3E906 /* Pods-Instagram Clone.release.xcconfig */,
			);
			name = Pods;
			sourceTree = "<group>";
		};
/* End PBXGroup section */

/* Begin PBXNativeTarget section */
		6481AF961FF40316007006A5 /* Instagram Clone */ = {
			isa = PBXNativeTarget;
			buildConfigurationList = 6481AFA91FF40316007006A5 /* Build configuration list for PBXNativeTarget "Instagram Clone" */;
			buildPhases = (
				80A75D8AFB7113963DA1766B /* [CP] Check Pods Manifest.lock */,
				6481AF931FF40316007006A5 /* Sources */,
				6481AF941FF40316007006A5 /* Frameworks */,
				6481AF951FF40316007006A5 /* Resources */,
				1D054E81FCE754B92EE80EB3 /* [CP] Embed Pods Frameworks */,
				5E7AF9DD714849EF16945CF6 /* [CP] Copy Pods Resources */,
			);
			buildRules = (
			);
			dependencies = (
			);
			name = "Instagram Clone";
			productName = "Instagram Clone";
			productReference = 6481AF971FF40316007006A5 /* Instagram Clone.app */;
			productType = "com.apple.product-type.application";
		};
/* End PBXNativeTarget section */

/* Begin PBXProject section */
		6481AF8F1FF40316007006A5 /* Project object */ = {
			isa = PBXProject;
			attributes = {
				LastSwiftUpdateCheck = 0920;
				LastUpgradeCheck = 0920;
				ORGANIZATIONNAME = "Samuel Mamun";
				TargetAttributes = {
					6481AF961FF40316007006A5 = {
						CreatedOnToolsVersion = 9.2;
						ProvisioningStyle = Automatic;
					};
				};
			};
			buildConfigurationList = 6481AF921FF40316007006A5 /* Build configuration list for PBXProject "Instagram Clone" */;
			compatibilityVersion = "Xcode 8.0";
			developmentRegion = en;
			hasScannedForEncodings = 0;
			knownRegions = (
				en,
				Base,
			);
			mainGroup = 6481AF8E1FF40316007006A5;
			productRefGroup = 6481AF981FF40316007006A5 /* Products */;
			projectDirPath = "";
			projectRoot = "";
			targets = (
				6481AF961FF40316007006A5 /* Instagram Clone */,
			);
		};
/* End PBXProject section */

/* Begin PBXResourcesBuildPhase section */
		6481AF951FF40316007006A5 /* Resources */ = {
			isa = PBXResourcesBuildPhase;
			buildActionMask = 2147483647;
			files = (
				6481AFA51FF40316007006A5 /* LaunchScreen.storyboard in Resources */,
				64F53E241FF58B7E0065ED98 /* GoogleService-Info.plist in Resources */,
				6481AFA21FF40316007006A5 /* Assets.xcassets in Resources */,
			);
			runOnlyForDeploymentPostprocessing = 0;
		};
/* End PBXResourcesBuildPhase section */

/* Begin PBXShellScriptBuildPhase section */
		1D054E81FCE754B92EE80EB3 /* [CP] Embed Pods Frameworks */ = {
			isa = PBXShellScriptBuildPhase;
			buildActionMask = 2147483647;
			files = (
			);
			inputPaths = (
			);
			name = "[CP] Embed Pods Frameworks";
			outputPaths = (
			);
			runOnlyForDeploymentPostprocessing = 0;
			shellPath = /bin/sh;
			shellScript = "\"${SRCROOT}/Pods/Target Support Files/Pods-Instagram Clone/Pods-Instagram Clone-frameworks.sh\"\n";
			showEnvVarsInLog = 0;
		};
		5E7AF9DD714849EF16945CF6 /* [CP] Copy Pods Resources */ = {
			isa = PBXShellScriptBuildPhase;
			buildActionMask = 2147483647;
			files = (
			);
			inputPaths = (
			);
			name = "[CP] Copy Pods Resources";
			outputPaths = (
			);
			runOnlyForDeploymentPostprocessing = 0;
			shellPath = /bin/sh;
			shellScript = "\"${SRCROOT}/Pods/Target Support Files/Pods-Instagram Clone/Pods-Instagram Clone-resources.sh\"\n";
			showEnvVarsInLog = 0;
		};
		80A75D8AFB7113963DA1766B /* [CP] Check Pods Manifest.lock */ = {
			isa = PBXShellScriptBuildPhase;
			buildActionMask = 2147483647;
			files = (
			);
			inputPaths = (
			);
			name = "[CP] Check Pods Manifest.lock";
			outputPaths = (
			);
			runOnlyForDeploymentPostprocessing = 0;
			shellPath = /bin/sh;
			shellScript = "diff \"${PODS_PODFILE_DIR_PATH}/Podfile.lock\" \"${PODS_ROOT}/Manifest.lock\" > /dev/null\nif [ $? != 0 ] ; then\n    # print error to STDERR\n    echo \"error: The sandbox is not in sync with the Podfile.lock. Run 'pod install' or update your CocoaPods installation.\" >&2\n    exit 1\nfi\n";
			showEnvVarsInLog = 0;
		};
/* End PBXShellScriptBuildPhase section */

/* Begin PBXSourcesBuildPhase section */
		6481AF931FF40316007006A5 /* Sources */ = {
			isa = PBXSourcesBuildPhase;
			buildActionMask = 2147483647;
			files = (
				6405BCD02016CE1000A830F8 /* SharePhotoController.swift in Sources */,
				64F53E221FF57E880065ED98 /* Extension.swift in Sources */,
				6450E2E02010373C002ADF29 /* PhotoSelectorCell.swift in Sources */,
				6481AF9D1FF40316007006A5 /* SignUpController.swift in Sources */,
				64BE496020747D7F00BD3BB1 /* Post.swift in Sources */,
				6492ABB11FF8052F0012E1C1 /* MainTabBarController.swift in Sources */,
				64321F4F1FF9960800D3DEA6 /* UserProfileHeader.swift in Sources */,
				6492ABB31FF80A990012E1C1 /* UserProfileController.swift in Sources */,
				6481AF9B1FF40316007006A5 /* AppDelegate.swift in Sources */,
				642CE1AE1FFF183B00F3F89F /* LoginController.swift in Sources */,
				6415F823203286DD00825AF4 /* PlaceholderExtension.swift in Sources */,
				64BE4962207480FC00BD3BB1 /* UserProfilePhotoCell.swift in Sources */,
				64499E7F2011C1B3008FE819 /* PhotoSelectorHeader.swift in Sources */,
				64C01465200C39960031DAA0 /* PhotoSelectorController.swift in Sources */,
			);
			runOnlyForDeploymentPostprocessing = 0;
		};
/* End PBXSourcesBuildPhase section */

/* Begin PBXVariantGroup section */
		6481AFA31FF40316007006A5 /* LaunchScreen.storyboard */ = {
			isa = PBXVariantGroup;
			children = (
				6481AFA41FF40316007006A5 /* Base */,
			);
			name = LaunchScreen.storyboard;
			sourceTree = "<group>";
		};
/* End PBXVariantGroup section */

/* Begin XCBuildConfiguration section */
		6481AFA71FF40316007006A5 /* Debug */ = {
			isa = XCBuildConfiguration;
			buildSettings = {
				ALWAYS_SEARCH_USER_PATHS = NO;
				CLANG_ANALYZER_NONNULL = YES;
				CLANG_ANALYZER_NUMBER_OBJECT_CONVERSION = YES_AGGRESSIVE;
				CLANG_CXX_LANGUAGE_STANDARD = "gnu++14";
				CLANG_CXX_LIBRARY = "libc++";
				CLANG_ENABLE_MODULES = YES;
				CLANG_ENABLE_OBJC_ARC = YES;
				CLANG_WARN_BLOCK_CAPTURE_AUTORELEASING = YES;
				CLANG_WARN_BOOL_CONVERSION = YES;
				CLANG_WARN_COMMA = YES;
				CLANG_WARN_CONSTANT_CONVERSION = YES;
				CLANG_WARN_DIRECT_OBJC_ISA_USAGE = YES_ERROR;
				CLANG_WARN_DOCUMENTATION_COMMENTS = YES;
				CLANG_WARN_EMPTY_BODY = YES;
				CLANG_WARN_ENUM_CONVERSION = YES;
				CLANG_WARN_INFINITE_RECURSION = YES;
				CLANG_WARN_INT_CONVERSION = YES;
				CLANG_WARN_NON_LITERAL_NULL_CONVERSION = YES;
				CLANG_WARN_OBJC_LITERAL_CONVERSION = YES;
				CLANG_WARN_OBJC_ROOT_CLASS = YES_ERROR;
				CLANG_WARN_RANGE_LOOP_ANALYSIS = YES;
				CLANG_WARN_STRICT_PROTOTYPES = YES;
				CLANG_WARN_SUSPICIOUS_MOVE = YES;
				CLANG_WARN_UNGUARDED_AVAILABILITY = YES_AGGRESSIVE;
				CLANG_WARN_UNREACHABLE_CODE = YES;
				CLANG_WARN__DUPLICATE_METHOD_MATCH = YES;
				CODE_SIGN_IDENTITY = "iPhone Developer";
				COPY_PHASE_STRIP = NO;
				DEBUG_INFORMATION_FORMAT = dwarf;
				ENABLE_STRICT_OBJC_MSGSEND = YES;
				ENABLE_TESTABILITY = YES;
				GCC_C_LANGUAGE_STANDARD = gnu11;
				GCC_DYNAMIC_NO_PIC = NO;
				GCC_NO_COMMON_BLOCKS = YES;
				GCC_OPTIMIZATION_LEVEL = 0;
				GCC_PREPROCESSOR_DEFINITIONS = (
					"DEBUG=1",
					"$(inherited)",
				);
				GCC_WARN_64_TO_32_BIT_CONVERSION = YES;
				GCC_WARN_ABOUT_RETURN_TYPE = YES_ERROR;
				GCC_WARN_UNDECLARED_SELECTOR = YES;
				GCC_WARN_UNINITIALIZED_AUTOS = YES_AGGRESSIVE;
				GCC_WARN_UNUSED_FUNCTION = YES;
				GCC_WARN_UNUSED_VARIABLE = YES;
				IPHONEOS_DEPLOYMENT_TARGET = 11.2;
				MTL_ENABLE_DEBUG_INFO = YES;
				ONLY_ACTIVE_ARCH = YES;
				SDKROOT = iphoneos;
				SWIFT_ACTIVE_COMPILATION_CONDITIONS = DEBUG;
				SWIFT_OPTIMIZATION_LEVEL = "-Onone";
			};
			name = Debug;
		};
		6481AFA81FF40316007006A5 /* Release */ = {
			isa = XCBuildConfiguration;
			buildSettings = {
				ALWAYS_SEARCH_USER_PATHS = NO;
				CLANG_ANALYZER_NONNULL = YES;
				CLANG_ANALYZER_NUMBER_OBJECT_CONVERSION = YES_AGGRESSIVE;
				CLANG_CXX_LANGUAGE_STANDARD = "gnu++14";
				CLANG_CXX_LIBRARY = "libc++";
				CLANG_ENABLE_MODULES = YES;
				CLANG_ENABLE_OBJC_ARC = YES;
				CLANG_WARN_BLOCK_CAPTURE_AUTORELEASING = YES;
				CLANG_WARN_BOOL_CONVERSION = YES;
				CLANG_WARN_COMMA = YES;
				CLANG_WARN_CONSTANT_CONVERSION = YES;
				CLANG_WARN_DIRECT_OBJC_ISA_USAGE = YES_ERROR;
				CLANG_WARN_DOCUMENTATION_COMMENTS = YES;
				CLANG_WARN_EMPTY_BODY = YES;
				CLANG_WARN_ENUM_CONVERSION = YES;
				CLANG_WARN_INFINITE_RECURSION = YES;
				CLANG_WARN_INT_CONVERSION = YES;
				CLANG_WARN_NON_LITERAL_NULL_CONVERSION = YES;
				CLANG_WARN_OBJC_LITERAL_CONVERSION = YES;
				CLANG_WARN_OBJC_ROOT_CLASS = YES_ERROR;
				CLANG_WARN_RANGE_LOOP_ANALYSIS = YES;
				CLANG_WARN_STRICT_PROTOTYPES = YES;
				CLANG_WARN_SUSPICIOUS_MOVE = YES;
				CLANG_WARN_UNGUARDED_AVAILABILITY = YES_AGGRESSIVE;
				CLANG_WARN_UNREACHABLE_CODE = YES;
				CLANG_WARN__DUPLICATE_METHOD_MATCH = YES;
				CODE_SIGN_IDENTITY = "iPhone Developer";
				COPY_PHASE_STRIP = NO;
				DEBUG_INFORMATION_FORMAT = "dwarf-with-dsym";
				ENABLE_NS_ASSERTIONS = NO;
				ENABLE_STRICT_OBJC_MSGSEND = YES;
				GCC_C_LANGUAGE_STANDARD = gnu11;
				GCC_NO_COMMON_BLOCKS = YES;
				GCC_WARN_64_TO_32_BIT_CONVERSION = YES;
				GCC_WARN_ABOUT_RETURN_TYPE = YES_ERROR;
				GCC_WARN_UNDECLARED_SELECTOR = YES;
				GCC_WARN_UNINITIALIZED_AUTOS = YES_AGGRESSIVE;
				GCC_WARN_UNUSED_FUNCTION = YES;
				GCC_WARN_UNUSED_VARIABLE = YES;
				IPHONEOS_DEPLOYMENT_TARGET = 11.2;
				MTL_ENABLE_DEBUG_INFO = NO;
				SDKROOT = iphoneos;
				SWIFT_OPTIMIZATION_LEVEL = "-Owholemodule";
				VALIDATE_PRODUCT = YES;
			};
			name = Release;
		};
		6481AFAA1FF40316007006A5 /* Debug */ = {
			isa = XCBuildConfiguration;
			baseConfigurationReference = CC288577612D98CBA5044BBF /* Pods-Instagram Clone.debug.xcconfig */;
			buildSettings = {
				ASSETCATALOG_COMPILER_APPICON_NAME = AppIcon;
				CODE_SIGN_STYLE = Automatic;
				DEVELOPMENT_TEAM = PDP33QB9XQ;
				INFOPLIST_FILE = "Instagram Clone/Info.plist";
				IPHONEOS_DEPLOYMENT_TARGET = 10.3;
				LD_RUNPATH_SEARCH_PATHS = "$(inherited) @executable_path/Frameworks";
				PRODUCT_BUNDLE_IDENTIFIER = "myApp.Instagram-Clone";
				PRODUCT_NAME = "$(TARGET_NAME)";
				SWIFT_VERSION = 4.0;
				TARGETED_DEVICE_FAMILY = "1,2";
			};
			name = Debug;
		};
		6481AFAB1FF40316007006A5 /* Release */ = {
			isa = XCBuildConfiguration;
			baseConfigurationReference = B294EA4EC909341203D3E906 /* Pods-Instagram Clone.release.xcconfig */;
			buildSettings = {
				ASSETCATALOG_COMPILER_APPICON_NAME = AppIcon;
				CODE_SIGN_STYLE = Automatic;
				DEVELOPMENT_TEAM = PDP33QB9XQ;
				INFOPLIST_FILE = "Instagram Clone/Info.plist";
				IPHONEOS_DEPLOYMENT_TARGET = 10.3;
				LD_RUNPATH_SEARCH_PATHS = "$(inherited) @executable_path/Frameworks";
				PRODUCT_BUNDLE_IDENTIFIER = "myApp.Instagram-Clone";
				PRODUCT_NAME = "$(TARGET_NAME)";
				SWIFT_VERSION = 4.0;
				TARGETED_DEVICE_FAMILY = "1,2";
			};
			name = Release;
		};
/* End XCBuildConfiguration section */

/* Begin XCConfigurationList section */
		6481AF921FF40316007006A5 /* Build configuration list for PBXProject "Instagram Clone" */ = {
			isa = XCConfigurationList;
			buildConfigurations = (
				6481AFA71FF40316007006A5 /* Debug */,
				6481AFA81FF40316007006A5 /* Release */,
			);
			defaultConfigurationIsVisible = 0;
			defaultConfigurationName = Release;
		};
		6481AFA91FF40316007006A5 /* Build configuration list for PBXNativeTarget "Instagram Clone" */ = {
			isa = XCConfigurationList;
			buildConfigurations = (
				6481AFAA1FF40316007006A5 /* Debug */,
				6481AFAB1FF40316007006A5 /* Release */,
			);
			defaultConfigurationIsVisible = 0;
			defaultConfigurationName = Release;
		};
/* End XCConfigurationList section */
	};
	rootObject = 6481AF8F1FF40316007006A5 /* Project object */;
}
